// !$*UTF8*$!
{
	archiveVersion = 1;
	classes = {
	};
	objectVersion = 56;
	objects = {

/* Begin PBXBuildFile section */
		0A07C5E82C2A9B2800AEDE72 /* CameraView+TopControlBar.swift in Sources */ = {isa = PBXBuildFile; fileRef = 0A07C5E72C2A9B2800AEDE72 /* CameraView+TopControlBar.swift */; };
		0A93DAAD2C22C7B500EA0D63 /* CameraViewModel.swift in Sources */ = {isa = PBXBuildFile; fileRef = 0A93DAAC2C22C7B500EA0D63 /* CameraViewModel.swift */; };
		0A93DAB02C22C80B00EA0D63 /* CameraView.swift in Sources */ = {isa = PBXBuildFile; fileRef = 0A93DAAF2C22C80B00EA0D63 /* CameraView.swift */; };
		0A93DAB22C22C82600EA0D63 /* CameraPreview.swift in Sources */ = {isa = PBXBuildFile; fileRef = 0A93DAB12C22C82600EA0D63 /* CameraPreview.swift */; };
		0A93DAB42C22C83900EA0D63 /* CameraView+Buttons.swift in Sources */ = {isa = PBXBuildFile; fileRef = 0A93DAB32C22C83800EA0D63 /* CameraView+Buttons.swift */; };
		0A93DAB62C22C84A00EA0D63 /* CameraView+HorizontalControlBar.swift in Sources */ = {isa = PBXBuildFile; fileRef = 0A93DAB52C22C84A00EA0D63 /* CameraView+HorizontalControlBar.swift */; };
		0A93DAB82C22C85800EA0D63 /* CameraView+VerticalControlBar.swift in Sources */ = {isa = PBXBuildFile; fileRef = 0A93DAB72C22C85800EA0D63 /* CameraView+VerticalControlBar.swift */; };
		0A93DABB2C22C8A800EA0D63 /* ControlButtonView.swift in Sources */ = {isa = PBXBuildFile; fileRef = 0A93DABA2C22C8A800EA0D63 /* ControlButtonView.swift */; };
		0A93DABD2C22C8BD00EA0D63 /* UIDeviceOrientation+.swift in Sources */ = {isa = PBXBuildFile; fileRef = 0A93DABC2C22C8BD00EA0D63 /* UIDeviceOrientation+.swift */; };
		0A93DABF2C22C92500EA0D63 /* View+.swift in Sources */ = {isa = PBXBuildFile; fileRef = 0A93DABE2C22C92500EA0D63 /* View+.swift */; };
		D93C264B2C22BBC700A15FEF /* SnapGroupApp.swift in Sources */ = {isa = PBXBuildFile; fileRef = D93C264A2C22BBC700A15FEF /* SnapGroupApp.swift */; };
		D93C264D2C22BBC700A15FEF /* ContentView.swift in Sources */ = {isa = PBXBuildFile; fileRef = D93C264C2C22BBC700A15FEF /* ContentView.swift */; };
		D93C264F2C22BBC800A15FEF /* Assets.xcassets in Resources */ = {isa = PBXBuildFile; fileRef = D93C264E2C22BBC800A15FEF /* Assets.xcassets */; };
		D93C26522C22BBC800A15FEF /* Preview Assets.xcassets in Resources */ = {isa = PBXBuildFile; fileRef = D93C26512C22BBC800A15FEF /* Preview Assets.xcassets */; };
		D93C26582C22BBC800A15FEF /* SnapGroup Watch App.app in Embed Watch Content */ = {isa = PBXBuildFile; fileRef = D93C26572C22BBC800A15FEF /* SnapGroup Watch App.app */; settings = {ATTRIBUTES = (RemoveHeadersOnCopy, ); }; };
		D93C265D2C22BBC800A15FEF /* SnapGroupApp.swift in Sources */ = {isa = PBXBuildFile; fileRef = D93C265C2C22BBC800A15FEF /* SnapGroupApp.swift */; };
		D93C265F2C22BBC800A15FEF /* ContentView.swift in Sources */ = {isa = PBXBuildFile; fileRef = D93C265E2C22BBC800A15FEF /* ContentView.swift */; };
		D93C26612C22BBC900A15FEF /* Assets.xcassets in Resources */ = {isa = PBXBuildFile; fileRef = D93C26602C22BBC900A15FEF /* Assets.xcassets */; };
		D93C26642C22BBC900A15FEF /* Preview Assets.xcassets in Resources */ = {isa = PBXBuildFile; fileRef = D93C26632C22BBC900A15FEF /* Preview Assets.xcassets */; };
		D93C26992C2ACC4300A15FEF /* FaceDetectionOverlayView.swift in Sources */ = {isa = PBXBuildFile; fileRef = D93C26982C2ACC4300A15FEF /* FaceDetectionOverlayView.swift */; };
		D93C269B2C2B12C300A15FEF /* Template.swift in Sources */ = {isa = PBXBuildFile; fileRef = D93C269A2C2B12C300A15FEF /* Template.swift */; };
		D93C26A02C2BBEAD00A15FEF /* SillhouteView.swift in Sources */ = {isa = PBXBuildFile; fileRef = D93C269F2C2BBEAD00A15FEF /* SillhouteView.swift */; };
		D93C26A22C2BBF6700A15FEF /* CGRect+.swift in Sources */ = {isa = PBXBuildFile; fileRef = D93C26A12C2BBF6700A15FEF /* CGRect+.swift */; };
		D93C26A42C2BCD4200A15FEF /* TemporarySelectTemplateView.swift in Sources */ = {isa = PBXBuildFile; fileRef = D93C26A32C2BCD4200A15FEF /* TemporarySelectTemplateView.swift */; };
		D93C26A62C2BCDED00A15FEF /* TemplateGridItem.swift in Sources */ = {isa = PBXBuildFile; fileRef = D93C26A52C2BCDED00A15FEF /* TemplateGridItem.swift */; };
/* End PBXBuildFile section */

/* Begin PBXContainerItemProxy section */
		D93C26592C22BBC800A15FEF /* PBXContainerItemProxy */ = {
			isa = PBXContainerItemProxy;
			containerPortal = D93C263F2C22BBC700A15FEF /* Project object */;
			proxyType = 1;
			remoteGlobalIDString = D93C26562C22BBC800A15FEF;
			remoteInfo = "SnapGroup Watch App";
		};
/* End PBXContainerItemProxy section */

/* Begin PBXCopyFilesBuildPhase section */
		D93C266A2C22BBC900A15FEF /* Embed Watch Content */ = {
			isa = PBXCopyFilesBuildPhase;
			buildActionMask = 2147483647;
			dstPath = "$(CONTENTS_FOLDER_PATH)/Watch";
			dstSubfolderSpec = 16;
			files = (
				D93C26582C22BBC800A15FEF /* SnapGroup Watch App.app in Embed Watch Content */,
			);
			name = "Embed Watch Content";
			runOnlyForDeploymentPostprocessing = 0;
		};
/* End PBXCopyFilesBuildPhase section */

/* Begin PBXFileReference section */
		0A07C5E72C2A9B2800AEDE72 /* CameraView+TopControlBar.swift */ = {isa = PBXFileReference; lastKnownFileType = sourcecode.swift; path = "CameraView+TopControlBar.swift"; sourceTree = "<group>"; };
		0A93DAAC2C22C7B500EA0D63 /* CameraViewModel.swift */ = {isa = PBXFileReference; lastKnownFileType = sourcecode.swift; path = CameraViewModel.swift; sourceTree = "<group>"; };
		0A93DAAF2C22C80B00EA0D63 /* CameraView.swift */ = {isa = PBXFileReference; lastKnownFileType = sourcecode.swift; path = CameraView.swift; sourceTree = "<group>"; };
		0A93DAB12C22C82600EA0D63 /* CameraPreview.swift */ = {isa = PBXFileReference; lastKnownFileType = sourcecode.swift; path = CameraPreview.swift; sourceTree = "<group>"; };
		0A93DAB32C22C83800EA0D63 /* CameraView+Buttons.swift */ = {isa = PBXFileReference; lastKnownFileType = sourcecode.swift; path = "CameraView+Buttons.swift"; sourceTree = "<group>"; };
		0A93DAB52C22C84A00EA0D63 /* CameraView+HorizontalControlBar.swift */ = {isa = PBXFileReference; lastKnownFileType = sourcecode.swift; path = "CameraView+HorizontalControlBar.swift"; sourceTree = "<group>"; };
		0A93DAB72C22C85800EA0D63 /* CameraView+VerticalControlBar.swift */ = {isa = PBXFileReference; lastKnownFileType = sourcecode.swift; path = "CameraView+VerticalControlBar.swift"; sourceTree = "<group>"; };
		0A93DABA2C22C8A800EA0D63 /* ControlButtonView.swift */ = {isa = PBXFileReference; lastKnownFileType = sourcecode.swift; path = ControlButtonView.swift; sourceTree = "<group>"; };
		0A93DABC2C22C8BD00EA0D63 /* UIDeviceOrientation+.swift */ = {isa = PBXFileReference; lastKnownFileType = sourcecode.swift; path = "UIDeviceOrientation+.swift"; sourceTree = "<group>"; };
		0A93DABE2C22C92500EA0D63 /* View+.swift */ = {isa = PBXFileReference; lastKnownFileType = sourcecode.swift; path = "View+.swift"; sourceTree = "<group>"; };
		D93C26472C22BBC700A15FEF /* SnapGroup.app */ = {isa = PBXFileReference; explicitFileType = wrapper.application; includeInIndex = 0; path = SnapGroup.app; sourceTree = BUILT_PRODUCTS_DIR; };
		D93C264A2C22BBC700A15FEF /* SnapGroupApp.swift */ = {isa = PBXFileReference; lastKnownFileType = sourcecode.swift; path = SnapGroupApp.swift; sourceTree = "<group>"; };
		D93C264C2C22BBC700A15FEF /* ContentView.swift */ = {isa = PBXFileReference; lastKnownFileType = sourcecode.swift; path = ContentView.swift; sourceTree = "<group>"; };
		D93C264E2C22BBC800A15FEF /* Assets.xcassets */ = {isa = PBXFileReference; lastKnownFileType = folder.assetcatalog; path = Assets.xcassets; sourceTree = "<group>"; };
		D93C26512C22BBC800A15FEF /* Preview Assets.xcassets */ = {isa = PBXFileReference; lastKnownFileType = folder.assetcatalog; path = "Preview Assets.xcassets"; sourceTree = "<group>"; };
		D93C26572C22BBC800A15FEF /* SnapGroup Watch App.app */ = {isa = PBXFileReference; explicitFileType = wrapper.application; includeInIndex = 0; path = "SnapGroup Watch App.app"; sourceTree = BUILT_PRODUCTS_DIR; };
		D93C265C2C22BBC800A15FEF /* SnapGroupApp.swift */ = {isa = PBXFileReference; lastKnownFileType = sourcecode.swift; path = SnapGroupApp.swift; sourceTree = "<group>"; };
		D93C265E2C22BBC800A15FEF /* ContentView.swift */ = {isa = PBXFileReference; lastKnownFileType = sourcecode.swift; path = ContentView.swift; sourceTree = "<group>"; };
		D93C26602C22BBC900A15FEF /* Assets.xcassets */ = {isa = PBXFileReference; lastKnownFileType = folder.assetcatalog; path = Assets.xcassets; sourceTree = "<group>"; };
		D93C26632C22BBC900A15FEF /* Preview Assets.xcassets */ = {isa = PBXFileReference; lastKnownFileType = folder.assetcatalog; path = "Preview Assets.xcassets"; sourceTree = "<group>"; };
		D93C26982C2ACC4300A15FEF /* FaceDetectionOverlayView.swift */ = {isa = PBXFileReference; lastKnownFileType = sourcecode.swift; path = FaceDetectionOverlayView.swift; sourceTree = "<group>"; };
		D93C269A2C2B12C300A15FEF /* Template.swift */ = {isa = PBXFileReference; lastKnownFileType = sourcecode.swift; path = Template.swift; sourceTree = "<group>"; };
		D93C269F2C2BBEAD00A15FEF /* SillhouteView.swift */ = {isa = PBXFileReference; lastKnownFileType = sourcecode.swift; path = SillhouteView.swift; sourceTree = "<group>"; };
		D93C26A12C2BBF6700A15FEF /* CGRect+.swift */ = {isa = PBXFileReference; lastKnownFileType = sourcecode.swift; path = "CGRect+.swift"; sourceTree = "<group>"; };
		D93C26A32C2BCD4200A15FEF /* TemporarySelectTemplateView.swift */ = {isa = PBXFileReference; lastKnownFileType = sourcecode.swift; path = TemporarySelectTemplateView.swift; sourceTree = "<group>"; };
		D93C26A52C2BCDED00A15FEF /* TemplateGridItem.swift */ = {isa = PBXFileReference; lastKnownFileType = sourcecode.swift; path = TemplateGridItem.swift; sourceTree = "<group>"; };
/* End PBXFileReference section */

/* Begin PBXFrameworksBuildPhase section */
		D93C26442C22BBC700A15FEF /* Frameworks */ = {
			isa = PBXFrameworksBuildPhase;
			buildActionMask = 2147483647;
			files = (
			);
			runOnlyForDeploymentPostprocessing = 0;
		};
		D93C26542C22BBC800A15FEF /* Frameworks */ = {
			isa = PBXFrameworksBuildPhase;
			buildActionMask = 2147483647;
			files = (
			);
			runOnlyForDeploymentPostprocessing = 0;
		};
/* End PBXFrameworksBuildPhase section */

/* Begin PBXGroup section */
		D93C263E2C22BBC700A15FEF = {
			isa = PBXGroup;
			children = (
				D93C26492C22BBC700A15FEF /* SnapGroup */,
				D93C265B2C22BBC800A15FEF /* SnapGroup Watch App */,
				D93C26482C22BBC700A15FEF /* Products */,
			);
			sourceTree = "<group>";
		};
		D93C26482C22BBC700A15FEF /* Products */ = {
			isa = PBXGroup;
			children = (
				D93C26472C22BBC700A15FEF /* SnapGroup.app */,
				D93C26572C22BBC800A15FEF /* SnapGroup Watch App.app */,
			);
			name = Products;
			sourceTree = "<group>";
		};
		D93C26492C22BBC700A15FEF /* SnapGroup */ = {
			isa = PBXGroup;
			children = (
				D93C26732C231EBF00A15FEF /* Extensions */,
				D93C26702C2315EE00A15FEF /* Models */,
				D93C26742C23225500A15FEF /* Components */,
				D93C266F2C2315E600A15FEF /* ViewModels */,
				D93C26712C2315F600A15FEF /* Views */,
				D93C264C2C22BBC700A15FEF /* ContentView.swift */,
				D93C264A2C22BBC700A15FEF /* SnapGroupApp.swift */,
				D93C264E2C22BBC800A15FEF /* Assets.xcassets */,
				D93C26502C22BBC800A15FEF /* Preview Content */,
			);
			path = SnapGroup;
			sourceTree = "<group>";
		};
		D93C26502C22BBC800A15FEF /* Preview Content */ = {
			isa = PBXGroup;
			children = (
				D93C26512C22BBC800A15FEF /* Preview Assets.xcassets */,
			);
			path = "Preview Content";
			sourceTree = "<group>";
		};
		D93C265B2C22BBC800A15FEF /* SnapGroup Watch App */ = {
			isa = PBXGroup;
			children = (
				D93C265C2C22BBC800A15FEF /* SnapGroupApp.swift */,
				D93C265E2C22BBC800A15FEF /* ContentView.swift */,
				D93C26602C22BBC900A15FEF /* Assets.xcassets */,
				D93C26622C22BBC900A15FEF /* Preview Content */,
			);
			path = "SnapGroup Watch App";
			sourceTree = "<group>";
		};
		D93C26622C22BBC900A15FEF /* Preview Content */ = {
			isa = PBXGroup;
			children = (
				D93C26632C22BBC900A15FEF /* Preview Assets.xcassets */,
			);
			path = "Preview Content";
			sourceTree = "<group>";
		};
		D93C266F2C2315E600A15FEF /* ViewModels */ = {
			isa = PBXGroup;
			children = (
				0A93DAAC2C22C7B500EA0D63 /* CameraViewModel.swift */,
			);
			path = ViewModels;
			sourceTree = "<group>";
		};
		D93C26702C2315EE00A15FEF /* Models */ = {
			isa = PBXGroup;
			children = (
				D93C269A2C2B12C300A15FEF /* Template.swift */,
			);
			path = Models;
			sourceTree = "<group>";
		};
		D93C26712C2315F600A15FEF /* Views */ = {
			isa = PBXGroup;
			children = (
				D93C269E2C2BBE9800A15FEF /* Template */,
				D93C26722C231E7D00A15FEF /* Camera */,
			);
			path = Views;
			sourceTree = "<group>";
		};
		D93C26722C231E7D00A15FEF /* Camera */ = {
			isa = PBXGroup;
			children = (
				0A93DAAF2C22C80B00EA0D63 /* CameraView.swift */,
				0A93DAB12C22C82600EA0D63 /* CameraPreview.swift */,
				0A93DAB32C22C83800EA0D63 /* CameraView+Buttons.swift */,
				0A93DAB52C22C84A00EA0D63 /* CameraView+HorizontalControlBar.swift */,
				0A07C5E72C2A9B2800AEDE72 /* CameraView+TopControlBar.swift */,
				0A93DAB72C22C85800EA0D63 /* CameraView+VerticalControlBar.swift */,
			);
			path = Camera;
			sourceTree = "<group>";
		};
		D93C26732C231EBF00A15FEF /* Extensions */ = {
			isa = PBXGroup;
			children = (
				0A93DABC2C22C8BD00EA0D63 /* UIDeviceOrientation+.swift */,
				0A93DABE2C22C92500EA0D63 /* View+.swift */,
				D93C26A12C2BBF6700A15FEF /* CGRect+.swift */,
			);
			path = Extensions;
			sourceTree = "<group>";
		};
		D93C26742C23225500A15FEF /* Components */ = {
			isa = PBXGroup;
			children = (
				0A93DABA2C22C8A800EA0D63 /* ControlButtonView.swift */,
				D93C26982C2ACC4300A15FEF /* FaceDetectionOverlayView.swift */,
				D93C26A52C2BCDED00A15FEF /* TemplateGridItem.swift */,
			);
			path = Components;
			sourceTree = "<group>";
		};
		D93C269E2C2BBE9800A15FEF /* Template */ = {
			isa = PBXGroup;
			children = (
				D93C269F2C2BBEAD00A15FEF /* SillhouteView.swift */,
				D93C26A32C2BCD4200A15FEF /* TemporarySelectTemplateView.swift */,
			);
			path = Template;
			sourceTree = "<group>";
		};
/* End PBXGroup section */

/* Begin PBXNativeTarget section */
		D93C26462C22BBC700A15FEF /* SnapGroup */ = {
			isa = PBXNativeTarget;
			buildConfigurationList = D93C266B2C22BBC900A15FEF /* Build configuration list for PBXNativeTarget "SnapGroup" */;
			buildPhases = (
				D93C26432C22BBC700A15FEF /* Sources */,
				D93C26442C22BBC700A15FEF /* Frameworks */,
				D93C26452C22BBC700A15FEF /* Resources */,
				D93C266A2C22BBC900A15FEF /* Embed Watch Content */,
			);
			buildRules = (
			);
			dependencies = (
				D93C265A2C22BBC800A15FEF /* PBXTargetDependency */,
			);
			name = SnapGroup;
			productName = SnapGroup;
			productReference = D93C26472C22BBC700A15FEF /* SnapGroup.app */;
			productType = "com.apple.product-type.application";
		};
		D93C26562C22BBC800A15FEF /* SnapGroup Watch App */ = {
			isa = PBXNativeTarget;
			buildConfigurationList = D93C26672C22BBC900A15FEF /* Build configuration list for PBXNativeTarget "SnapGroup Watch App" */;
			buildPhases = (
				D93C26532C22BBC800A15FEF /* Sources */,
				D93C26542C22BBC800A15FEF /* Frameworks */,
				D93C26552C22BBC800A15FEF /* Resources */,
			);
			buildRules = (
			);
			dependencies = (
			);
			name = "SnapGroup Watch App";
			productName = "SnapGroup Watch App";
			productReference = D93C26572C22BBC800A15FEF /* SnapGroup Watch App.app */;
			productType = "com.apple.product-type.application";
		};
/* End PBXNativeTarget section */

/* Begin PBXProject section */
		D93C263F2C22BBC700A15FEF /* Project object */ = {
			isa = PBXProject;
			attributes = {
				BuildIndependentTargetsInParallel = 1;
				LastSwiftUpdateCheck = 1540;
				LastUpgradeCheck = 1540;
				TargetAttributes = {
					D93C26462C22BBC700A15FEF = {
						CreatedOnToolsVersion = 15.4;
					};
					D93C26562C22BBC800A15FEF = {
						CreatedOnToolsVersion = 15.4;
					};
				};
			};
			buildConfigurationList = D93C26422C22BBC700A15FEF /* Build configuration list for PBXProject "SnapGroup" */;
			compatibilityVersion = "Xcode 14.0";
			developmentRegion = en;
			hasScannedForEncodings = 0;
			knownRegions = (
				en,
				Base,
			);
			mainGroup = D93C263E2C22BBC700A15FEF;
			productRefGroup = D93C26482C22BBC700A15FEF /* Products */;
			projectDirPath = "";
			projectRoot = "";
			targets = (
				D93C26462C22BBC700A15FEF /* SnapGroup */,
				D93C26562C22BBC800A15FEF /* SnapGroup Watch App */,
			);
		};
/* End PBXProject section */

/* Begin PBXResourcesBuildPhase section */
		D93C26452C22BBC700A15FEF /* Resources */ = {
			isa = PBXResourcesBuildPhase;
			buildActionMask = 2147483647;
			files = (
				D93C26522C22BBC800A15FEF /* Preview Assets.xcassets in Resources */,
				D93C264F2C22BBC800A15FEF /* Assets.xcassets in Resources */,
			);
			runOnlyForDeploymentPostprocessing = 0;
		};
		D93C26552C22BBC800A15FEF /* Resources */ = {
			isa = PBXResourcesBuildPhase;
			buildActionMask = 2147483647;
			files = (
				D93C26642C22BBC900A15FEF /* Preview Assets.xcassets in Resources */,
				D93C26612C22BBC900A15FEF /* Assets.xcassets in Resources */,
			);
			runOnlyForDeploymentPostprocessing = 0;
		};
/* End PBXResourcesBuildPhase section */

/* Begin PBXSourcesBuildPhase section */
		D93C26432C22BBC700A15FEF /* Sources */ = {
			isa = PBXSourcesBuildPhase;
			buildActionMask = 2147483647;
			files = (
				D93C26A02C2BBEAD00A15FEF /* SillhouteView.swift in Sources */,
				0A93DAB22C22C82600EA0D63 /* CameraPreview.swift in Sources */,
				D93C26A42C2BCD4200A15FEF /* TemporarySelectTemplateView.swift in Sources */,
				0A93DAB42C22C83900EA0D63 /* CameraView+Buttons.swift in Sources */,
				D93C26A62C2BCDED00A15FEF /* TemplateGridItem.swift in Sources */,
				D93C269B2C2B12C300A15FEF /* Template.swift in Sources */,
				0A93DABB2C22C8A800EA0D63 /* ControlButtonView.swift in Sources */,
				D93C264D2C22BBC700A15FEF /* ContentView.swift in Sources */,
				D93C26992C2ACC4300A15FEF /* FaceDetectionOverlayView.swift in Sources */,
				0A93DABD2C22C8BD00EA0D63 /* UIDeviceOrientation+.swift in Sources */,
				0A07C5E82C2A9B2800AEDE72 /* CameraView+TopControlBar.swift in Sources */,
				0A93DABF2C22C92500EA0D63 /* View+.swift in Sources */,
				D93C264B2C22BBC700A15FEF /* SnapGroupApp.swift in Sources */,
				0A93DAAD2C22C7B500EA0D63 /* CameraViewModel.swift in Sources */,
				0A93DAB82C22C85800EA0D63 /* CameraView+VerticalControlBar.swift in Sources */,
				0A93DAB62C22C84A00EA0D63 /* CameraView+HorizontalControlBar.swift in Sources */,
				0A93DAB02C22C80B00EA0D63 /* CameraView.swift in Sources */,
				D93C26A22C2BBF6700A15FEF /* CGRect+.swift in Sources */,
			);
			runOnlyForDeploymentPostprocessing = 0;
		};
		D93C26532C22BBC800A15FEF /* Sources */ = {
			isa = PBXSourcesBuildPhase;
			buildActionMask = 2147483647;
			files = (
				D93C265F2C22BBC800A15FEF /* ContentView.swift in Sources */,
				D93C265D2C22BBC800A15FEF /* SnapGroupApp.swift in Sources */,
			);
			runOnlyForDeploymentPostprocessing = 0;
		};
/* End PBXSourcesBuildPhase section */

/* Begin PBXTargetDependency section */
		D93C265A2C22BBC800A15FEF /* PBXTargetDependency */ = {
			isa = PBXTargetDependency;
			target = D93C26562C22BBC800A15FEF /* SnapGroup Watch App */;
			targetProxy = D93C26592C22BBC800A15FEF /* PBXContainerItemProxy */;
		};
/* End PBXTargetDependency section */

/* Begin XCBuildConfiguration section */
		D93C26652C22BBC900A15FEF /* Debug */ = {
			isa = XCBuildConfiguration;
			buildSettings = {
				ALWAYS_SEARCH_USER_PATHS = NO;
				ASSETCATALOG_COMPILER_GENERATE_SWIFT_ASSET_SYMBOL_EXTENSIONS = YES;
				CLANG_ANALYZER_NONNULL = YES;
				CLANG_ANALYZER_NUMBER_OBJECT_CONVERSION = YES_AGGRESSIVE;
				CLANG_CXX_LANGUAGE_STANDARD = "gnu++20";
				CLANG_ENABLE_MODULES = YES;
				CLANG_ENABLE_OBJC_ARC = YES;
				CLANG_ENABLE_OBJC_WEAK = YES;
				CLANG_WARN_BLOCK_CAPTURE_AUTORELEASING = YES;
				CLANG_WARN_BOOL_CONVERSION = YES;
				CLANG_WARN_COMMA = YES;
				CLANG_WARN_CONSTANT_CONVERSION = YES;
				CLANG_WARN_DEPRECATED_OBJC_IMPLEMENTATIONS = YES;
				CLANG_WARN_DIRECT_OBJC_ISA_USAGE = YES_ERROR;
				CLANG_WARN_DOCUMENTATION_COMMENTS = YES;
				CLANG_WARN_EMPTY_BODY = YES;
				CLANG_WARN_ENUM_CONVERSION = YES;
				CLANG_WARN_INFINITE_RECURSION = YES;
				CLANG_WARN_INT_CONVERSION = YES;
				CLANG_WARN_NON_LITERAL_NULL_CONVERSION = YES;
				CLANG_WARN_OBJC_IMPLICIT_RETAIN_SELF = YES;
				CLANG_WARN_OBJC_LITERAL_CONVERSION = YES;
				CLANG_WARN_OBJC_ROOT_CLASS = YES_ERROR;
				CLANG_WARN_QUOTED_INCLUDE_IN_FRAMEWORK_HEADER = YES;
				CLANG_WARN_RANGE_LOOP_ANALYSIS = YES;
				CLANG_WARN_STRICT_PROTOTYPES = YES;
				CLANG_WARN_SUSPICIOUS_MOVE = YES;
				CLANG_WARN_UNGUARDED_AVAILABILITY = YES_AGGRESSIVE;
				CLANG_WARN_UNREACHABLE_CODE = YES;
				CLANG_WARN__DUPLICATE_METHOD_MATCH = YES;
				COPY_PHASE_STRIP = NO;
				DEBUG_INFORMATION_FORMAT = dwarf;
				ENABLE_STRICT_OBJC_MSGSEND = YES;
				ENABLE_TESTABILITY = YES;
				ENABLE_USER_SCRIPT_SANDBOXING = YES;
				GCC_C_LANGUAGE_STANDARD = gnu17;
				GCC_DYNAMIC_NO_PIC = NO;
				GCC_NO_COMMON_BLOCKS = YES;
				GCC_OPTIMIZATION_LEVEL = 0;
				GCC_PREPROCESSOR_DEFINITIONS = (
					"DEBUG=1",
					"$(inherited)",
				);
				GCC_WARN_64_TO_32_BIT_CONVERSION = YES;
				GCC_WARN_ABOUT_RETURN_TYPE = YES_ERROR;
				GCC_WARN_UNDECLARED_SELECTOR = YES;
				GCC_WARN_UNINITIALIZED_AUTOS = YES_AGGRESSIVE;
				GCC_WARN_UNUSED_FUNCTION = YES;
				GCC_WARN_UNUSED_VARIABLE = YES;
				IPHONEOS_DEPLOYMENT_TARGET = 17.4;
				LOCALIZATION_PREFERS_STRING_CATALOGS = YES;
				MTL_ENABLE_DEBUG_INFO = INCLUDE_SOURCE;
				MTL_FAST_MATH = YES;
				ONLY_ACTIVE_ARCH = YES;
				SWIFT_ACTIVE_COMPILATION_CONDITIONS = "DEBUG $(inherited)";
				SWIFT_OPTIMIZATION_LEVEL = "-Onone";
				WATCHOS_DEPLOYMENT_TARGET = 10.4;
			};
			name = Debug;
		};
		D93C26662C22BBC900A15FEF /* Release */ = {
			isa = XCBuildConfiguration;
			buildSettings = {
				ALWAYS_SEARCH_USER_PATHS = NO;
				ASSETCATALOG_COMPILER_GENERATE_SWIFT_ASSET_SYMBOL_EXTENSIONS = YES;
				CLANG_ANALYZER_NONNULL = YES;
				CLANG_ANALYZER_NUMBER_OBJECT_CONVERSION = YES_AGGRESSIVE;
				CLANG_CXX_LANGUAGE_STANDARD = "gnu++20";
				CLANG_ENABLE_MODULES = YES;
				CLANG_ENABLE_OBJC_ARC = YES;
				CLANG_ENABLE_OBJC_WEAK = YES;
				CLANG_WARN_BLOCK_CAPTURE_AUTORELEASING = YES;
				CLANG_WARN_BOOL_CONVERSION = YES;
				CLANG_WARN_COMMA = YES;
				CLANG_WARN_CONSTANT_CONVERSION = YES;
				CLANG_WARN_DEPRECATED_OBJC_IMPLEMENTATIONS = YES;
				CLANG_WARN_DIRECT_OBJC_ISA_USAGE = YES_ERROR;
				CLANG_WARN_DOCUMENTATION_COMMENTS = YES;
				CLANG_WARN_EMPTY_BODY = YES;
				CLANG_WARN_ENUM_CONVERSION = YES;
				CLANG_WARN_INFINITE_RECURSION = YES;
				CLANG_WARN_INT_CONVERSION = YES;
				CLANG_WARN_NON_LITERAL_NULL_CONVERSION = YES;
				CLANG_WARN_OBJC_IMPLICIT_RETAIN_SELF = YES;
				CLANG_WARN_OBJC_LITERAL_CONVERSION = YES;
				CLANG_WARN_OBJC_ROOT_CLASS = YES_ERROR;
				CLANG_WARN_QUOTED_INCLUDE_IN_FRAMEWORK_HEADER = YES;
				CLANG_WARN_RANGE_LOOP_ANALYSIS = YES;
				CLANG_WARN_STRICT_PROTOTYPES = YES;
				CLANG_WARN_SUSPICIOUS_MOVE = YES;
				CLANG_WARN_UNGUARDED_AVAILABILITY = YES_AGGRESSIVE;
				CLANG_WARN_UNREACHABLE_CODE = YES;
				CLANG_WARN__DUPLICATE_METHOD_MATCH = YES;
				COPY_PHASE_STRIP = NO;
				DEBUG_INFORMATION_FORMAT = "dwarf-with-dsym";
				ENABLE_NS_ASSERTIONS = NO;
				ENABLE_STRICT_OBJC_MSGSEND = YES;
				ENABLE_USER_SCRIPT_SANDBOXING = YES;
				GCC_C_LANGUAGE_STANDARD = gnu17;
				GCC_NO_COMMON_BLOCKS = YES;
				GCC_WARN_64_TO_32_BIT_CONVERSION = YES;
				GCC_WARN_ABOUT_RETURN_TYPE = YES_ERROR;
				GCC_WARN_UNDECLARED_SELECTOR = YES;
				GCC_WARN_UNINITIALIZED_AUTOS = YES_AGGRESSIVE;
				GCC_WARN_UNUSED_FUNCTION = YES;
				GCC_WARN_UNUSED_VARIABLE = YES;
				IPHONEOS_DEPLOYMENT_TARGET = 17.4;
				LOCALIZATION_PREFERS_STRING_CATALOGS = YES;
				MTL_ENABLE_DEBUG_INFO = NO;
				MTL_FAST_MATH = YES;
				SWIFT_COMPILATION_MODE = wholemodule;
				WATCHOS_DEPLOYMENT_TARGET = 10.4;
			};
			name = Release;
		};
		D93C26682C22BBC900A15FEF /* Debug */ = {
			isa = XCBuildConfiguration;
			buildSettings = {
				ASSETCATALOG_COMPILER_APPICON_NAME = AppIcon;
				ASSETCATALOG_COMPILER_GLOBAL_ACCENT_COLOR_NAME = AccentColor;
				CODE_SIGN_STYLE = Automatic;
				CURRENT_PROJECT_VERSION = 1;
				DEVELOPMENT_ASSET_PATHS = "\"SnapGroup Watch App/Preview Content\"";
				DEVELOPMENT_TEAM = 8FL882H4L2;
				ENABLE_PREVIEWS = YES;
				GENERATE_INFOPLIST_FILE = YES;
				INFOPLIST_KEY_CFBundleDisplayName = SnapGroup;
				INFOPLIST_KEY_UISupportedInterfaceOrientations = "UIInterfaceOrientationPortrait UIInterfaceOrientationPortraitUpsideDown";
				INFOPLIST_KEY_WKCompanionAppBundleIdentifier = com.xponotsure.SnapGroup;
				LD_RUNPATH_SEARCH_PATHS = (
					"$(inherited)",
					"@executable_path/Frameworks",
				);
				MARKETING_VERSION = 1.0;
				PRODUCT_BUNDLE_IDENTIFIER = com.xponotsure.SnapGroup.watchkitapp;
				PRODUCT_NAME = "$(TARGET_NAME)";
				SDKROOT = watchos;
				SKIP_INSTALL = YES;
				SWIFT_EMIT_LOC_STRINGS = YES;
				SWIFT_VERSION = 5.0;
				TARGETED_DEVICE_FAMILY = 4;
				WATCHOS_DEPLOYMENT_TARGET = 10.4;
			};
			name = Debug;
		};
		D93C26692C22BBC900A15FEF /* Release */ = {
			isa = XCBuildConfiguration;
			buildSettings = {
				ASSETCATALOG_COMPILER_APPICON_NAME = AppIcon;
				ASSETCATALOG_COMPILER_GLOBAL_ACCENT_COLOR_NAME = AccentColor;
				CODE_SIGN_STYLE = Automatic;
				CURRENT_PROJECT_VERSION = 1;
				DEVELOPMENT_ASSET_PATHS = "\"SnapGroup Watch App/Preview Content\"";
				DEVELOPMENT_TEAM = 8FL882H4L2;
				ENABLE_PREVIEWS = YES;
				GENERATE_INFOPLIST_FILE = YES;
				INFOPLIST_KEY_CFBundleDisplayName = SnapGroup;
				INFOPLIST_KEY_UISupportedInterfaceOrientations = "UIInterfaceOrientationPortrait UIInterfaceOrientationPortraitUpsideDown";
				INFOPLIST_KEY_WKCompanionAppBundleIdentifier = com.xponotsure.SnapGroup;
				LD_RUNPATH_SEARCH_PATHS = (
					"$(inherited)",
					"@executable_path/Frameworks",
				);
				MARKETING_VERSION = 1.0;
				PRODUCT_BUNDLE_IDENTIFIER = com.xponotsure.SnapGroup.watchkitapp;
				PRODUCT_NAME = "$(TARGET_NAME)";
				SDKROOT = watchos;
				SKIP_INSTALL = YES;
				SWIFT_EMIT_LOC_STRINGS = YES;
				SWIFT_VERSION = 5.0;
				TARGETED_DEVICE_FAMILY = 4;
				VALIDATE_PRODUCT = YES;
				WATCHOS_DEPLOYMENT_TARGET = 10.4;
			};
			name = Release;
		};
		D93C266C2C22BBC900A15FEF /* Debug */ = {
			isa = XCBuildConfiguration;
			buildSettings = {
				ALWAYS_EMBED_SWIFT_STANDARD_LIBRARIES = YES;
				ASSETCATALOG_COMPILER_APPICON_NAME = AppIcon;
				ASSETCATALOG_COMPILER_GLOBAL_ACCENT_COLOR_NAME = AccentColor;
				CODE_SIGN_STYLE = Automatic;
				CURRENT_PROJECT_VERSION = 1;
				DEVELOPMENT_ASSET_PATHS = "\"SnapGroup/Preview Content\"";
				DEVELOPMENT_TEAM = 8FL882H4L2;
				ENABLE_PREVIEWS = YES;
				GENERATE_INFOPLIST_FILE = YES;
				INFOPLIST_KEY_CFBundleDisplayName = SnapGroup;
				INFOPLIST_KEY_NSCameraUsageDescription = "This app needs to access your camera to take pictures.";
				INFOPLIST_KEY_NSPhotoLibraryAddUsageDescription = "Please allow to save photo";
				INFOPLIST_KEY_NSPhotoLibraryUsageDescription = "Need to save photo";
				INFOPLIST_KEY_UIApplicationSceneManifest_Generation = YES;
				INFOPLIST_KEY_UIApplicationSupportsIndirectInputEvents = YES;
				INFOPLIST_KEY_UILaunchScreen_Generation = YES;
				INFOPLIST_KEY_UISupportedInterfaceOrientations_iPad = "UIInterfaceOrientationPortrait UIInterfaceOrientationPortraitUpsideDown UIInterfaceOrientationLandscapeLeft UIInterfaceOrientationLandscapeRight";
				INFOPLIST_KEY_UISupportedInterfaceOrientations_iPhone = "UIInterfaceOrientationPortrait UIInterfaceOrientationLandscapeLeft UIInterfaceOrientationLandscapeRight";
				IPHONEOS_DEPLOYMENT_TARGET = 17.4;
				LD_RUNPATH_SEARCH_PATHS = (
					"$(inherited)",
					"@executable_path/Frameworks",
				);
				MARKETING_VERSION = 1.0;
				PRODUCT_BUNDLE_IDENTIFIER = com.xponotsure.SnapGroup;
				PRODUCT_NAME = "$(TARGET_NAME)";
				SDKROOT = iphoneos;
				SWIFT_EMIT_LOC_STRINGS = YES;
				SWIFT_VERSION = 5.0;
				TARGETED_DEVICE_FAMILY = "1,2";
			};
			name = Debug;
		};
		D93C266D2C22BBC900A15FEF /* Release */ = {
			isa = XCBuildConfiguration;
			buildSettings = {
				ALWAYS_EMBED_SWIFT_STANDARD_LIBRARIES = YES;
				ASSETCATALOG_COMPILER_APPICON_NAME = AppIcon;
				ASSETCATALOG_COMPILER_GLOBAL_ACCENT_COLOR_NAME = AccentColor;
				CODE_SIGN_STYLE = Automatic;
				CURRENT_PROJECT_VERSION = 1;
				DEVELOPMENT_ASSET_PATHS = "\"SnapGroup/Preview Content\"";
				DEVELOPMENT_TEAM = 8FL882H4L2;
				ENABLE_PREVIEWS = YES;
				GENERATE_INFOPLIST_FILE = YES;
				INFOPLIST_KEY_CFBundleDisplayName = SnapGroup;
				INFOPLIST_KEY_NSCameraUsageDescription = "This app needs to access your camera to take pictures.";
				INFOPLIST_KEY_NSPhotoLibraryAddUsageDescription = "Please allow to save photo";
				INFOPLIST_KEY_NSPhotoLibraryUsageDescription = "Need to save photo";
				INFOPLIST_KEY_UIApplicationSceneManifest_Generation = YES;
				INFOPLIST_KEY_UIApplicationSupportsIndirectInputEvents = YES;
				INFOPLIST_KEY_UILaunchScreen_Generation = YES;
				INFOPLIST_KEY_UISupportedInterfaceOrientations_iPad = "UIInterfaceOrientationPortrait UIInterfaceOrientationPortraitUpsideDown UIInterfaceOrientationLandscapeLeft UIInterfaceOrientationLandscapeRight";
				INFOPLIST_KEY_UISupportedInterfaceOrientations_iPhone = "UIInterfaceOrientationPortrait UIInterfaceOrientationLandscapeLeft UIInterfaceOrientationLandscapeRight";
				IPHONEOS_DEPLOYMENT_TARGET = 17.4;
				LD_RUNPATH_SEARCH_PATHS = (
					"$(inherited)",
					"@executable_path/Frameworks",
				);
				MARKETING_VERSION = 1.0;
				PRODUCT_BUNDLE_IDENTIFIER = com.xponotsure.SnapGroup;
				PRODUCT_NAME = "$(TARGET_NAME)";
				SDKROOT = iphoneos;
				SWIFT_EMIT_LOC_STRINGS = YES;
				SWIFT_VERSION = 5.0;
				TARGETED_DEVICE_FAMILY = "1,2";
				VALIDATE_PRODUCT = YES;
			};
			name = Release;
		};
/* End XCBuildConfiguration section */

/* Begin XCConfigurationList section */
		D93C26422C22BBC700A15FEF /* Build configuration list for PBXProject "SnapGroup" */ = {
			isa = XCConfigurationList;
			buildConfigurations = (
				D93C26652C22BBC900A15FEF /* Debug */,
				D93C26662C22BBC900A15FEF /* Release */,
			);
			defaultConfigurationIsVisible = 0;
			defaultConfigurationName = Release;
		};
		D93C26672C22BBC900A15FEF /* Build configuration list for PBXNativeTarget "SnapGroup Watch App" */ = {
			isa = XCConfigurationList;
			buildConfigurations = (
				D93C26682C22BBC900A15FEF /* Debug */,
				D93C26692C22BBC900A15FEF /* Release */,
			);
			defaultConfigurationIsVisible = 0;
			defaultConfigurationName = Release;
		};
		D93C266B2C22BBC900A15FEF /* Build configuration list for PBXNativeTarget "SnapGroup" */ = {
			isa = XCConfigurationList;
			buildConfigurations = (
				D93C266C2C22BBC900A15FEF /* Debug */,
				D93C266D2C22BBC900A15FEF /* Release */,
			);
			defaultConfigurationIsVisible = 0;
			defaultConfigurationName = Release;
		};
/* End XCConfigurationList section */
	};
	rootObject = D93C263F2C22BBC700A15FEF /* Project object */;
}
